
Microsoft Visual Studio Solution File, Format Version 12.00
# Visual Studio Version 16
VisualStudioVersion = 16.0.34031.81
MinimumVisualStudioVersion = 10.0.40219.1
Project("{FAE04EC0-301F-11D3-BF4B-00C04F79EFBC}") = "nikitka.Android", "nikitka\nikitka.Android\nikitka.Android.csproj", "{5C3E404B-A1E5-4ACC-AFC0-315C241BE0C9}"
EndProject
Project("{FAE04EC0-301F-11D3-BF4B-00C04F79EFBC}") = "nikitka", "nikitka\nikitka\nikitka.csproj", "{E76A1077-F73E-4F57-A590-DBD112524261}"
EndProject
Global
	GlobalSection(SolutionConfigurationPlatforms) = preSolution
		Debug|Any CPU = Debug|Any CPU
		Release|Any CPU = Release|Any CPU
	EndGlobalSection
	GlobalSection(ProjectConfigurationPlatforms) = postSolution
		{5C3E404B-A1E5-4ACC-AFC0-315C241BE0C9}.Debug|Any CPU.ActiveCfg = Debug|Any CPU
		{5C3E404B-A1E5-4ACC-AFC0-315C241BE0C9}.Debug|Any CPU.Build.0 = Debug|Any CPU
		{5C3E404B-A1E5-4ACC-AFC0-315C241BE0C9}.Debug|Any CPU.Deploy.0 = Debug|Any CPU
		{5C3E404B-A1E5-4ACC-AFC0-315C241BE0C9}.Release|Any CPU.ActiveCfg = Release|Any CPU
		{5C3E404B-A1E5-4ACC-AFC0-315C241BE0C9}.Release|Any CPU.Build.0 = Release|Any CPU
		{5C3E404B-A1E5-4ACC-AFC0-315C241BE0C9}.Release|Any CPU.Deploy.0 = Release|Any CPU
		{E76A1077-F73E-4F57-A590-DBD112524261}.Debug|Any CPU.ActiveCfg = Debug|Any CPU
		{E76A1077-F73E-4F57-A590-DBD112524261}.Debug|Any CPU.Build.0 = Debug|Any CPU
		{E76A1077-F73E-4F57-A590-DBD112524261}.Debug|Any CPU.Deploy.0 = Debug|Any CPU
		{E76A1077-F73E-4F57-A590-DBD112524261}.Release|Any CPU.ActiveCfg = Release|Any CPU
		{E76A1077-F73E-4F57-A590-DBD112524261}.Release|Any CPU.Build.0 = Release|Any CPU
		{E76A1077-F73E-4F57-A590-DBD112524261}.Release|Any CPU.Deploy.0 = Release|Any CPU
	EndGlobalSection
	GlobalSection(SolutionProperties) = preSolution
		HideSolutionNode = FALSE
	EndGlobalSection
	GlobalSection(ExtensibilityGlobals) = postSolution
		SolutionGuid = {0383B812-5BCD-4B6D-BC91-66E6EC07F176}
	EndGlobalSection
EndGlobal
